
Microsoft Visual Studio Solution File, Format Version 12.00
# Visual Studio 14
VisualStudioVersion = 14.0.25420.1
MinimumVisualStudioVersion = 10.0.40219.1
Project("{FAE04EC0-301F-11D3-BF4B-00C04F79EFBC}") = "MyExcelHelper", "MyExcelHelper\MyExcelHelper.csproj", "{36D321C5-5D26-48D9-B1BF-85BA73918968}"
EndProject
Project("{FAE04EC0-301F-11D3-BF4B-00C04F79EFBC}") = "MyExcelDemo", "MyExcelDemo\MyExcelDemo.csproj", "{92582DEB-6374-4692-A75F-ED26DFDA165E}"
EndProject
Global
	GlobalSection(SolutionConfigurationPlatforms) = preSolution
		Debug|Any CPU = Debug|Any CPU
		Release|Any CPU = Release|Any CPU
	EndGlobalSection
	GlobalSection(ProjectConfigurationPlatforms) = postSolution
		{36D321C5-5D26-48D9-B1BF-85BA73918968}.Debug|Any CPU.ActiveCfg = Debug|Any CPU
		{36D321C5-5D26-48D9-B1BF-85BA73918968}.Debug|Any CPU.Build.0 = Debug|Any CPU
		{36D321C5-5D26-48D9-B1BF-85BA73918968}.Release|Any CPU.ActiveCfg = Release|Any CPU
		{36D321C5-5D26-48D9-B1BF-85BA73918968}.Release|Any CPU.Build.0 = Release|Any CPU
		{92582DEB-6374-4692-A75F-ED26DFDA165E}.Debug|Any CPU.ActiveCfg = Debug|Any CPU
		{92582DEB-6374-4692-A75F-ED26DFDA165E}.Debug|Any CPU.Build.0 = Debug|Any CPU
		{92582DEB-6374-4692-A75F-ED26DFDA165E}.Release|Any CPU.ActiveCfg = Release|Any CPU
		{92582DEB-6374-4692-A75F-ED26DFDA165E}.Release|Any CPU.Build.0 = Release|Any CPU
	EndGlobalSection
	GlobalSection(SolutionProperties) = preSolution
		HideSolutionNode = FALSE
	EndGlobalSection
EndGlobal
